// !$*UTF8*$!
{
	archiveVersion = 1;
	classes = {
	};
	objectVersion = 46;
	objects = {

/* Begin PBXBuildFile section */
		780F1B431D3B489D00F45340 /* GameScene.sks in Resources */ = {isa = PBXBuildFile; fileRef = 780F1B421D3B489D00F45340 /* GameScene.sks */; };
		78D25E0E1DA0B11B00FC2319 /* GameScene.swift in Sources */ = {isa = PBXBuildFile; fileRef = 78D25E0D1DA0B11B00FC2319 /* GameScene.swift */; };
		78D302C11D03E4DE0010B8FD /* AppDelegate.swift in Sources */ = {isa = PBXBuildFile; fileRef = 78D302C01D03E4DE0010B8FD /* AppDelegate.swift */; };
		78D302C31D03E4DE0010B8FD /* ViewController.swift in Sources */ = {isa = PBXBuildFile; fileRef = 78D302C21D03E4DE0010B8FD /* ViewController.swift */; };
		78D302C61D03E4DE0010B8FD /* Main.storyboard in Resources */ = {isa = PBXBuildFile; fileRef = 78D302C41D03E4DE0010B8FD /* Main.storyboard */; };
		78D302C81D03E4DE0010B8FD /* Assets.xcassets in Resources */ = {isa = PBXBuildFile; fileRef = 78D302C71D03E4DE0010B8FD /* Assets.xcassets */; };
		78D302CB1D03E4DE0010B8FD /* LaunchScreen.storyboard in Resources */ = {isa = PBXBuildFile; fileRef = 78D302C91D03E4DE0010B8FD /* LaunchScreen.storyboard */; };
		78D302D61D03E4DE0010B8FD /* abTests.swift in Sources */ = {isa = PBXBuildFile; fileRef = 78D302D51D03E4DE0010B8FD /* abTests.swift */; };
		78D302E11D03E4DE0010B8FD /* abUITests.swift in Sources */ = {isa = PBXBuildFile; fileRef = 78D302E01D03E4DE0010B8FD /* abUITests.swift */; };
		78D302EF1D03F26D0010B8FD /* StageViewController.swift in Sources */ = {isa = PBXBuildFile; fileRef = 78D302EE1D03F26D0010B8FD /* StageViewController.swift */; };
		78D302F11D03F2940010B8FD /* PauseViewController.swift in Sources */ = {isa = PBXBuildFile; fileRef = 78D302F01D03F2940010B8FD /* PauseViewController.swift */; };
		78D642C51D28B81700609969 /* CoreLocation.framework in Frameworks */ = {isa = PBXBuildFile; fileRef = 78D642C41D28B81700609969 /* CoreLocation.framework */; };
		78EFE1F61DB326BE00FD885A /* left1.png in Resources */ = {isa = PBXBuildFile; fileRef = 78EFE1EC1DB326BE00FD885A /* left1.png */; };
		78EFE1F71DB326BE00FD885A /* left2.png in Resources */ = {isa = PBXBuildFile; fileRef = 78EFE1ED1DB326BE00FD885A /* left2.png */; };
		78EFE1F81DB326BE00FD885A /* left3.png in Resources */ = {isa = PBXBuildFile; fileRef = 78EFE1EE1DB326BE00FD885A /* left3.png */; };
		78EFE1F91DB326BE00FD885A /* left_falling1.png in Resources */ = {isa = PBXBuildFile; fileRef = 78EFE1EF1DB326BE00FD885A /* left_falling1.png */; };
		78EFE1FA1DB326BE00FD885A /* left_jumping1.png in Resources */ = {isa = PBXBuildFile; fileRef = 78EFE1F01DB326BE00FD885A /* left_jumping1.png */; };
		78EFE1FB1DB326BE00FD885A /* right1.png in Resources */ = {isa = PBXBuildFile; fileRef = 78EFE1F11DB326BE00FD885A /* right1.png */; };
		78EFE1FC1DB326BE00FD885A /* right2.png in Resources */ = {isa = PBXBuildFile; fileRef = 78EFE1F21DB326BE00FD885A /* right2.png */; };
		78EFE1FD1DB326BE00FD885A /* right3.png in Resources */ = {isa = PBXBuildFile; fileRef = 78EFE1F31DB326BE00FD885A /* right3.png */; };
		78EFE1FE1DB326BE00FD885A /* right_falling1.png in Resources */ = {isa = PBXBuildFile; fileRef = 78EFE1F41DB326BE00FD885A /* right_falling1.png */; };
		78EFE1FF1DB326BE00FD885A /* right_jumping1.png in Resources */ = {isa = PBXBuildFile; fileRef = 78EFE1F51DB326BE00FD885A /* right_jumping1.png */; };
		78EFE2011DB3427000FD885A /* 素材１.png in Resources */ = {isa = PBXBuildFile; fileRef = 78EFE2001DB3427000FD885A /* 素材１.png */; };
/* End PBXBuildFile section */

/* Begin PBXContainerItemProxy section */
		78D302D21D03E4DE0010B8FD /* PBXContainerItemProxy */ = {
			isa = PBXContainerItemProxy;
			containerPortal = 78D302B51D03E4DE0010B8FD /* Project object */;
			proxyType = 1;
			remoteGlobalIDString = 78D302BC1D03E4DE0010B8FD;
			remoteInfo = ab;
		};
		78D302DD1D03E4DE0010B8FD /* PBXContainerItemProxy */ = {
			isa = PBXContainerItemProxy;
			containerPortal = 78D302B51D03E4DE0010B8FD /* Project object */;
			proxyType = 1;
			remoteGlobalIDString = 78D302BC1D03E4DE0010B8FD;
			remoteInfo = ab;
		};
/* End PBXContainerItemProxy section */

/* Begin PBXFileReference section */
		780F1B421D3B489D00F45340 /* GameScene.sks */ = {isa = PBXFileReference; lastKnownFileType = file.sks; path = GameScene.sks; sourceTree = "<group>"; };
		78D25E0D1DA0B11B00FC2319 /* GameScene.swift */ = {isa = PBXFileReference; fileEncoding = 4; lastKnownFileType = sourcecode.swift; path = GameScene.swift; sourceTree = "<group>"; };
		78D302BD1D03E4DE0010B8FD /* ab.app */ = {isa = PBXFileReference; explicitFileType = wrapper.application; includeInIndex = 0; path = ab.app; sourceTree = BUILT_PRODUCTS_DIR; };
		78D302C01D03E4DE0010B8FD /* AppDelegate.swift */ = {isa = PBXFileReference; lastKnownFileType = sourcecode.swift; path = AppDelegate.swift; sourceTree = "<group>"; };
		78D302C21D03E4DE0010B8FD /* ViewController.swift */ = {isa = PBXFileReference; lastKnownFileType = sourcecode.swift; path = ViewController.swift; sourceTree = "<group>"; };
		78D302C51D03E4DE0010B8FD /* Base */ = {isa = PBXFileReference; lastKnownFileType = file.storyboard; name = Base; path = Base.lproj/Main.storyboard; sourceTree = "<group>"; };
		78D302C71D03E4DE0010B8FD /* Assets.xcassets */ = {isa = PBXFileReference; lastKnownFileType = folder.assetcatalog; path = Assets.xcassets; sourceTree = "<group>"; };
		78D302CA1D03E4DE0010B8FD /* Base */ = {isa = PBXFileReference; lastKnownFileType = file.storyboard; name = Base; path = Base.lproj/LaunchScreen.storyboard; sourceTree = "<group>"; };
		78D302CC1D03E4DE0010B8FD /* Info.plist */ = {isa = PBXFileReference; lastKnownFileType = text.plist.xml; path = Info.plist; sourceTree = "<group>"; };
		78D302D11D03E4DE0010B8FD /* abTests.xctest */ = {isa = PBXFileReference; explicitFileType = wrapper.cfbundle; includeInIndex = 0; path = abTests.xctest; sourceTree = BUILT_PRODUCTS_DIR; };
		78D302D51D03E4DE0010B8FD /* abTests.swift */ = {isa = PBXFileReference; lastKnownFileType = sourcecode.swift; path = abTests.swift; sourceTree = "<group>"; };
		78D302D71D03E4DE0010B8FD /* Info.plist */ = {isa = PBXFileReference; lastKnownFileType = text.plist.xml; path = Info.plist; sourceTree = "<group>"; };
		78D302DC1D03E4DE0010B8FD /* abUITests.xctest */ = {isa = PBXFileReference; explicitFileType = wrapper.cfbundle; includeInIndex = 0; path = abUITests.xctest; sourceTree = BUILT_PRODUCTS_DIR; };
		78D302E01D03E4DE0010B8FD /* abUITests.swift */ = {isa = PBXFileReference; lastKnownFileType = sourcecode.swift; path = abUITests.swift; sourceTree = "<group>"; };
		78D302E21D03E4DE0010B8FD /* Info.plist */ = {isa = PBXFileReference; lastKnownFileType = text.plist.xml; path = Info.plist; sourceTree = "<group>"; };
		78D302EE1D03F26D0010B8FD /* StageViewController.swift */ = {isa = PBXFileReference; fileEncoding = 4; lastKnownFileType = sourcecode.swift; path = StageViewController.swift; sourceTree = "<group>"; };
		78D302F01D03F2940010B8FD /* PauseViewController.swift */ = {isa = PBXFileReference; fileEncoding = 4; lastKnownFileType = sourcecode.swift; path = PauseViewController.swift; sourceTree = "<group>"; };
		78D642C41D28B81700609969 /* CoreLocation.framework */ = {isa = PBXFileReference; lastKnownFileType = wrapper.framework; name = CoreLocation.framework; path = System/Library/Frameworks/CoreLocation.framework; sourceTree = SDKROOT; };
		78EFE1EC1DB326BE00FD885A /* left1.png */ = {isa = PBXFileReference; lastKnownFileType = image.png; path = left1.png; sourceTree = "<group>"; };
		78EFE1ED1DB326BE00FD885A /* left2.png */ = {isa = PBXFileReference; lastKnownFileType = image.png; path = left2.png; sourceTree = "<group>"; };
		78EFE1EE1DB326BE00FD885A /* left3.png */ = {isa = PBXFileReference; lastKnownFileType = image.png; path = left3.png; sourceTree = "<group>"; };
		78EFE1EF1DB326BE00FD885A /* left_falling1.png */ = {isa = PBXFileReference; lastKnownFileType = image.png; path = left_falling1.png; sourceTree = "<group>"; };
		78EFE1F01DB326BE00FD885A /* left_jumping1.png */ = {isa = PBXFileReference; lastKnownFileType = image.png; path = left_jumping1.png; sourceTree = "<group>"; };
		78EFE1F11DB326BE00FD885A /* right1.png */ = {isa = PBXFileReference; lastKnownFileType = image.png; path = right1.png; sourceTree = "<group>"; };
		78EFE1F21DB326BE00FD885A /* right2.png */ = {isa = PBXFileReference; lastKnownFileType = image.png; path = right2.png; sourceTree = "<group>"; };
		78EFE1F31DB326BE00FD885A /* right3.png */ = {isa = PBXFileReference; lastKnownFileType = image.png; path = right3.png; sourceTree = "<group>"; };
		78EFE1F41DB326BE00FD885A /* right_falling1.png */ = {isa = PBXFileReference; lastKnownFileType = image.png; path = right_falling1.png; sourceTree = "<group>"; };
		78EFE1F51DB326BE00FD885A /* right_jumping1.png */ = {isa = PBXFileReference; lastKnownFileType = image.png; path = right_jumping1.png; sourceTree = "<group>"; };
		78EFE2001DB3427000FD885A /* 素材１.png */ = {isa = PBXFileReference; lastKnownFileType = image.png; path = "素材１.png"; sourceTree = "<group>"; };
/* End PBXFileReference section */

/* Begin PBXFrameworksBuildPhase section */
		78D302BA1D03E4DE0010B8FD /* Frameworks */ = {
			isa = PBXFrameworksBuildPhase;
			buildActionMask = 2147483647;
			files = (
				78D642C51D28B81700609969 /* CoreLocation.framework in Frameworks */,
			);
			runOnlyForDeploymentPostprocessing = 0;
		};
		78D302CE1D03E4DE0010B8FD /* Frameworks */ = {
			isa = PBXFrameworksBuildPhase;
			buildActionMask = 2147483647;
			files = (
			);
			runOnlyForDeploymentPostprocessing = 0;
		};
		78D302D91D03E4DE0010B8FD /* Frameworks */ = {
			isa = PBXFrameworksBuildPhase;
			buildActionMask = 2147483647;
			files = (
			);
			runOnlyForDeploymentPostprocessing = 0;
		};
/* End PBXFrameworksBuildPhase section */

/* Begin PBXGroup section */
		78D302B41D03E4DE0010B8FD = {
			isa = PBXGroup;
			children = (
				78D642C41D28B81700609969 /* CoreLocation.framework */,
				78D302BF1D03E4DE0010B8FD /* ab */,
				78D302D41D03E4DE0010B8FD /* abTests */,
				78D302DF1D03E4DE0010B8FD /* abUITests */,
				78D302BE1D03E4DE0010B8FD /* Products */,
			);
			sourceTree = "<group>";
		};
		78D302BE1D03E4DE0010B8FD /* Products */ = {
			isa = PBXGroup;
			children = (
				78D302BD1D03E4DE0010B8FD /* ab.app */,
				78D302D11D03E4DE0010B8FD /* abTests.xctest */,
				78D302DC1D03E4DE0010B8FD /* abUITests.xctest */,
			);
			name = Products;
			sourceTree = "<group>";
		};
		78D302BF1D03E4DE0010B8FD /* ab */ = {
			isa = PBXGroup;
			children = (
				78EFE1EB1DB326BE00FD885A /* moving */,
				78D302C01D03E4DE0010B8FD /* AppDelegate.swift */,
				78D302C21D03E4DE0010B8FD /* ViewController.swift */,
				78D302C41D03E4DE0010B8FD /* Main.storyboard */,
				780F1B421D3B489D00F45340 /* GameScene.sks */,
				78D302C71D03E4DE0010B8FD /* Assets.xcassets */,
				78D302C91D03E4DE0010B8FD /* LaunchScreen.storyboard */,
				78D302CC1D03E4DE0010B8FD /* Info.plist */,
				78D302EE1D03F26D0010B8FD /* StageViewController.swift */,
				78D302F01D03F2940010B8FD /* PauseViewController.swift */,
				78D25E0D1DA0B11B00FC2319 /* GameScene.swift */,
			);
			path = ab;
			sourceTree = "<group>";
		};
		78D302D41D03E4DE0010B8FD /* abTests */ = {
			isa = PBXGroup;
			children = (
				78D302D51D03E4DE0010B8FD /* abTests.swift */,
				78D302D71D03E4DE0010B8FD /* Info.plist */,
			);
			path = abTests;
			sourceTree = "<group>";
		};
		78D302DF1D03E4DE0010B8FD /* abUITests */ = {
			isa = PBXGroup;
			children = (
				78D302E01D03E4DE0010B8FD /* abUITests.swift */,
				78D302E21D03E4DE0010B8FD /* Info.plist */,
			);
			path = abUITests;
			sourceTree = "<group>";
		};
		78EFE1EB1DB326BE00FD885A /* moving */ = {
			isa = PBXGroup;
			children = (
				78EFE1EC1DB326BE00FD885A /* left1.png */,
				78EFE1ED1DB326BE00FD885A /* left2.png */,
				78EFE1EE1DB326BE00FD885A /* left3.png */,
				78EFE1EF1DB326BE00FD885A /* left_falling1.png */,
				78EFE1F01DB326BE00FD885A /* left_jumping1.png */,
				78EFE1F11DB326BE00FD885A /* right1.png */,
				78EFE1F21DB326BE00FD885A /* right2.png */,
				78EFE1F31DB326BE00FD885A /* right3.png */,
				78EFE1F41DB326BE00FD885A /* right_falling1.png */,
				78EFE1F51DB326BE00FD885A /* right_jumping1.png */,
				78EFE2001DB3427000FD885A /* 素材１.png */,
			);
			path = moving;
			sourceTree = "<group>";
		};
/* End PBXGroup section */

/* Begin PBXNativeTarget section */
		78D302BC1D03E4DE0010B8FD /* ab */ = {
			isa = PBXNativeTarget;
			buildConfigurationList = 78D302E51D03E4DE0010B8FD /* Build configuration list for PBXNativeTarget "ab" */;
			buildPhases = (
				78D302B91D03E4DE0010B8FD /* Sources */,
				78D302BA1D03E4DE0010B8FD /* Frameworks */,
				78D302BB1D03E4DE0010B8FD /* Resources */,
			);
			buildRules = (
			);
			dependencies = (
			);
			name = ab;
			productName = ab;
			productReference = 78D302BD1D03E4DE0010B8FD /* ab.app */;
			productType = "com.apple.product-type.application";
		};
		78D302D01D03E4DE0010B8FD /* abTests */ = {
			isa = PBXNativeTarget;
			buildConfigurationList = 78D302E81D03E4DE0010B8FD /* Build configuration list for PBXNativeTarget "abTests" */;
			buildPhases = (
				78D302CD1D03E4DE0010B8FD /* Sources */,
				78D302CE1D03E4DE0010B8FD /* Frameworks */,
				78D302CF1D03E4DE0010B8FD /* Resources */,
			);
			buildRules = (
			);
			dependencies = (
				78D302D31D03E4DE0010B8FD /* PBXTargetDependency */,
			);
			name = abTests;
			productName = abTests;
			productReference = 78D302D11D03E4DE0010B8FD /* abTests.xctest */;
			productType = "com.apple.product-type.bundle.unit-test";
		};
		78D302DB1D03E4DE0010B8FD /* abUITests */ = {
			isa = PBXNativeTarget;
			buildConfigurationList = 78D302EB1D03E4DE0010B8FD /* Build configuration list for PBXNativeTarget "abUITests" */;
			buildPhases = (
				78D302D81D03E4DE0010B8FD /* Sources */,
				78D302D91D03E4DE0010B8FD /* Frameworks */,
				78D302DA1D03E4DE0010B8FD /* Resources */,
			);
			buildRules = (
			);
			dependencies = (
				78D302DE1D03E4DE0010B8FD /* PBXTargetDependency */,
			);
			name = abUITests;
			productName = abUITests;
			productReference = 78D302DC1D03E4DE0010B8FD /* abUITests.xctest */;
			productType = "com.apple.product-type.bundle.ui-testing";
		};
/* End PBXNativeTarget section */

/* Begin PBXProject section */
		78D302B51D03E4DE0010B8FD /* Project object */ = {
			isa = PBXProject;
			attributes = {
				LastSwiftUpdateCheck = 0710;
				LastUpgradeCheck = 0710;
				ORGANIZATIONNAME = "大川理人";
				TargetAttributes = {
					78D302BC1D03E4DE0010B8FD = {
						CreatedOnToolsVersion = 7.1;
						DevelopmentTeam = 6P8B7XH98S;
						SystemCapabilities = {
							com.apple.BackgroundModes = {
								enabled = 0;
							};
						};
					};
					78D302D01D03E4DE0010B8FD = {
						CreatedOnToolsVersion = 7.1;
						TestTargetID = 78D302BC1D03E4DE0010B8FD;
					};
					78D302DB1D03E4DE0010B8FD = {
						CreatedOnToolsVersion = 7.1;
						TestTargetID = 78D302BC1D03E4DE0010B8FD;
					};
				};
			};
			buildConfigurationList = 78D302B81D03E4DE0010B8FD /* Build configuration list for PBXProject "ab" */;
			compatibilityVersion = "Xcode 3.2";
			developmentRegion = English;
			hasScannedForEncodings = 0;
			knownRegions = (
				en,
				Base,
			);
			mainGroup = 78D302B41D03E4DE0010B8FD;
			productRefGroup = 78D302BE1D03E4DE0010B8FD /* Products */;
			projectDirPath = "";
			projectRoot = "";
			targets = (
				78D302BC1D03E4DE0010B8FD /* ab */,
				78D302D01D03E4DE0010B8FD /* abTests */,
				78D302DB1D03E4DE0010B8FD /* abUITests */,
			);
		};
/* End PBXProject section */

/* Begin PBXResourcesBuildPhase section */
		78D302BB1D03E4DE0010B8FD /* Resources */ = {
			isa = PBXResourcesBuildPhase;
			buildActionMask = 2147483647;
			files = (
				78EFE1F71DB326BE00FD885A /* left2.png in Resources */,
				78EFE1FA1DB326BE00FD885A /* left_jumping1.png in Resources */,
				780F1B431D3B489D00F45340 /* GameScene.sks in Resources */,
				78EFE2011DB3427000FD885A /* 素材１.png in Resources */,
				78EFE1F81DB326BE00FD885A /* left3.png in Resources */,
				78EFE1FB1DB326BE00FD885A /* right1.png in Resources */,
				78EFE1FC1DB326BE00FD885A /* right2.png in Resources */,
				78EFE1FF1DB326BE00FD885A /* right_jumping1.png in Resources */,
				78D302CB1D03E4DE0010B8FD /* LaunchScreen.storyboard in Resources */,
				78EFE1FD1DB326BE00FD885A /* right3.png in Resources */,
				78EFE1FE1DB326BE00FD885A /* right_falling1.png in Resources */,
				78EFE1F91DB326BE00FD885A /* left_falling1.png in Resources */,
				78EFE1F61DB326BE00FD885A /* left1.png in Resources */,
				78D302C81D03E4DE0010B8FD /* Assets.xcassets in Resources */,
				78D302C61D03E4DE0010B8FD /* Main.storyboard in Resources */,
			);
			runOnlyForDeploymentPostprocessing = 0;
		};
		78D302CF1D03E4DE0010B8FD /* Resources */ = {
			isa = PBXResourcesBuildPhase;
			buildActionMask = 2147483647;
			files = (
			);
			runOnlyForDeploymentPostprocessing = 0;
		};
		78D302DA1D03E4DE0010B8FD /* Resources */ = {
			isa = PBXResourcesBuildPhase;
			buildActionMask = 2147483647;
			files = (
			);
			runOnlyForDeploymentPostprocessing = 0;
		};
/* End PBXResourcesBuildPhase section */

/* Begin PBXSourcesBuildPhase section */
		78D302B91D03E4DE0010B8FD /* Sources */ = {
			isa = PBXSourcesBuildPhase;
			buildActionMask = 2147483647;
			files = (
				78D25E0E1DA0B11B00FC2319 /* GameScene.swift in Sources */,
				78D302EF1D03F26D0010B8FD /* StageViewController.swift in Sources */,
				78D302F11D03F2940010B8FD /* PauseViewController.swift in Sources */,
				78D302C31D03E4DE0010B8FD /* ViewController.swift in Sources */,
				78D302C11D03E4DE0010B8FD /* AppDelegate.swift in Sources */,
			);
			runOnlyForDeploymentPostprocessing = 0;
		};
		78D302CD1D03E4DE0010B8FD /* Sources */ = {
			isa = PBXSourcesBuildPhase;
			buildActionMask = 2147483647;
			files = (
				78D302D61D03E4DE0010B8FD /* abTests.swift in Sources */,
			);
			runOnlyForDeploymentPostprocessing = 0;
		};
		78D302D81D03E4DE0010B8FD /* Sources */ = {
			isa = PBXSourcesBuildPhase;
			buildActionMask = 2147483647;
			files = (
				78D302E11D03E4DE0010B8FD /* abUITests.swift in Sources */,
			);
			runOnlyForDeploymentPostprocessing = 0;
		};
/* End PBXSourcesBuildPhase section */

/* Begin PBXTargetDependency section */
		78D302D31D03E4DE0010B8FD /* PBXTargetDependency */ = {
			isa = PBXTargetDependency;
			target = 78D302BC1D03E4DE0010B8FD /* ab */;
			targetProxy = 78D302D21D03E4DE0010B8FD /* PBXContainerItemProxy */;
		};
		78D302DE1D03E4DE0010B8FD /* PBXTargetDependency */ = {
			isa = PBXTargetDependency;
			target = 78D302BC1D03E4DE0010B8FD /* ab */;
			targetProxy = 78D302DD1D03E4DE0010B8FD /* PBXContainerItemProxy */;
		};
/* End PBXTargetDependency section */

/* Begin PBXVariantGroup section */
		78D302C41D03E4DE0010B8FD /* Main.storyboard */ = {
			isa = PBXVariantGroup;
			children = (
				78D302C51D03E4DE0010B8FD /* Base */,
			);
			name = Main.storyboard;
			sourceTree = "<group>";
		};
		78D302C91D03E4DE0010B8FD /* LaunchScreen.storyboard */ = {
			isa = PBXVariantGroup;
			children = (
				78D302CA1D03E4DE0010B8FD /* Base */,
			);
			name = LaunchScreen.storyboard;
			sourceTree = "<group>";
		};
/* End PBXVariantGroup section */

/* Begin XCBuildConfiguration section */
		78D302E31D03E4DE0010B8FD /* Debug */ = {
			isa = XCBuildConfiguration;
			buildSettings = {
				ALWAYS_SEARCH_USER_PATHS = NO;
				CLANG_CXX_LANGUAGE_STANDARD = "gnu++0x";
				CLANG_CXX_LIBRARY = "libc++";
				CLANG_ENABLE_MODULES = YES;
				CLANG_ENABLE_OBJC_ARC = YES;
				CLANG_WARN_BOOL_CONVERSION = YES;
				CLANG_WARN_CONSTANT_CONVERSION = YES;
				CLANG_WARN_DIRECT_OBJC_ISA_USAGE = YES_ERROR;
				CLANG_WARN_EMPTY_BODY = YES;
				CLANG_WARN_ENUM_CONVERSION = YES;
				CLANG_WARN_INT_CONVERSION = YES;
				CLANG_WARN_OBJC_ROOT_CLASS = YES_ERROR;
				CLANG_WARN_UNREACHABLE_CODE = YES;
				CLANG_WARN__DUPLICATE_METHOD_MATCH = YES;
				"CODE_SIGN_IDENTITY[sdk=iphoneos*]" = "iPhone Developer";
				COPY_PHASE_STRIP = NO;
				DEBUG_INFORMATION_FORMAT = dwarf;
				ENABLE_STRICT_OBJC_MSGSEND = YES;
				ENABLE_TESTABILITY = YES;
				GCC_C_LANGUAGE_STANDARD = gnu99;
				GCC_DYNAMIC_NO_PIC = NO;
				GCC_NO_COMMON_BLOCKS = YES;
				GCC_OPTIMIZATION_LEVEL = 0;
				GCC_PREPROCESSOR_DEFINITIONS = (
					"DEBUG=1",
					"$(inherited)",
				);
				GCC_WARN_64_TO_32_BIT_CONVERSION = YES;
				GCC_WARN_ABOUT_RETURN_TYPE = YES_ERROR;
				GCC_WARN_UNDECLARED_SELECTOR = YES;
				GCC_WARN_UNINITIALIZED_AUTOS = YES_AGGRESSIVE;
				GCC_WARN_UNUSED_FUNCTION = YES;
				GCC_WARN_UNUSED_VARIABLE = YES;
				IPHONEOS_DEPLOYMENT_TARGET = 9.1;
				MTL_ENABLE_DEBUG_INFO = YES;
				ONLY_ACTIVE_ARCH = YES;
				SDKROOT = iphoneos;
				SWIFT_OPTIMIZATION_LEVEL = "-Onone";
			};
			name = Debug;
		};
		78D302E41D03E4DE0010B8FD /* Release */ = {
			isa = XCBuildConfiguration;
			buildSettings = {
				ALWAYS_SEARCH_USER_PATHS = NO;
				CLANG_CXX_LANGUAGE_STANDARD = "gnu++0x";
				CLANG_CXX_LIBRARY = "libc++";
				CLANG_ENABLE_MODULES = YES;
				CLANG_ENABLE_OBJC_ARC = YES;
				CLANG_WARN_BOOL_CONVERSION = YES;
				CLANG_WARN_CONSTANT_CONVERSION = YES;
				CLANG_WARN_DIRECT_OBJC_ISA_USAGE = YES_ERROR;
				CLANG_WARN_EMPTY_BODY = YES;
				CLANG_WARN_ENUM_CONVERSION = YES;
				CLANG_WARN_INT_CONVERSION = YES;
				CLANG_WARN_OBJC_ROOT_CLASS = YES_ERROR;
				CLANG_WARN_UNREACHABLE_CODE = YES;
				CLANG_WARN__DUPLICATE_METHOD_MATCH = YES;
				"CODE_SIGN_IDENTITY[sdk=iphoneos*]" = "iPhone Developer";
				COPY_PHASE_STRIP = NO;
				DEBUG_INFORMATION_FORMAT = "dwarf-with-dsym";
				ENABLE_NS_ASSERTIONS = NO;
				ENABLE_STRICT_OBJC_MSGSEND = YES;
				GCC_C_LANGUAGE_STANDARD = gnu99;
				GCC_NO_COMMON_BLOCKS = YES;
				GCC_WARN_64_TO_32_BIT_CONVERSION = YES;
				GCC_WARN_ABOUT_RETURN_TYPE = YES_ERROR;
				GCC_WARN_UNDECLARED_SELECTOR = YES;
				GCC_WARN_UNINITIALIZED_AUTOS = YES_AGGRESSIVE;
				GCC_WARN_UNUSED_FUNCTION = YES;
				GCC_WARN_UNUSED_VARIABLE = YES;
				IPHONEOS_DEPLOYMENT_TARGET = 9.1;
				MTL_ENABLE_DEBUG_INFO = NO;
				SDKROOT = iphoneos;
				VALIDATE_PRODUCT = YES;
			};
			name = Release;
		};
		78D302E61D03E4DE0010B8FD /* Debug */ = {
			isa = XCBuildConfiguration;
			buildSettings = {
				ASSETCATALOG_COMPILER_APPICON_NAME = AppIcon;
				CODE_SIGN_IDENTITY = "iPhone Developer";
				"CODE_SIGN_IDENTITY[sdk=iphoneos*]" = "iPhone Developer";
				INFOPLIST_FILE = ab/Info.plist;
				IPHONEOS_DEPLOYMENT_TARGET = 9.3;
				LD_RUNPATH_SEARCH_PATHS = "$(inherited) @executable_path/Frameworks";
				PRODUCT_BUNDLE_IDENTIFIER = com.litech.ab;
				PRODUCT_NAME = "$(TARGET_NAME)";
				PROVISIONING_PROFILE = "";
			};
			name = Debug;
		};
		78D302E71D03E4DE0010B8FD /* Release */ = {
			isa = XCBuildConfiguration;
			buildSettings = {
				ASSETCATALOG_COMPILER_APPICON_NAME = AppIcon;
				CODE_SIGN_IDENTITY = "iPhone Developer";
				"CODE_SIGN_IDENTITY[sdk=iphoneos*]" = "iPhone Developer";
				INFOPLIST_FILE = ab/Info.plist;
				IPHONEOS_DEPLOYMENT_TARGET = 9.3;
				LD_RUNPATH_SEARCH_PATHS = "$(inherited) @executable_path/Frameworks";
				PRODUCT_BUNDLE_IDENTIFIER = com.litech.ab;
				PRODUCT_NAME = "$(TARGET_NAME)";
				PROVISIONING_PROFILE = "";
			};
			name = Release;
		};
		78D302E91D03E4DE0010B8FD /* Debug */ = {
			isa = XCBuildConfiguration;
			buildSettings = {
				BUNDLE_LOADER = "$(TEST_HOST)";
				INFOPLIST_FILE = abTests/Info.plist;
				LD_RUNPATH_SEARCH_PATHS = "$(inherited) @executable_path/Frameworks @loader_path/Frameworks";
				PRODUCT_BUNDLE_IDENTIFIER = com.litech.abTests;
				PRODUCT_NAME = "$(TARGET_NAME)";
				TEST_HOST = "$(BUILT_PRODUCTS_DIR)/ab.app/ab";
			};
			name = Debug;
		};
		78D302EA1D03E4DE0010B8FD /* Release */ = {
			isa = XCBuildConfiguration;
			buildSettings = {
				BUNDLE_LOADER = "$(TEST_HOST)";
				INFOPLIST_FILE = abTests/Info.plist;
				LD_RUNPATH_SEARCH_PATHS = "$(inherited) @executable_path/Frameworks @loader_path/Frameworks";
				PRODUCT_BUNDLE_IDENTIFIER = com.litech.abTests;
				PRODUCT_NAME = "$(TARGET_NAME)";
				TEST_HOST = "$(BUILT_PRODUCTS_DIR)/ab.app/ab";
			};
			name = Release;
		};
		78D302EC1D03E4DE0010B8FD /* Debug */ = {
			isa = XCBuildConfiguration;
			buildSettings = {
				INFOPLIST_FILE = abUITests/Info.plist;
				LD_RUNPATH_SEARCH_PATHS = "$(inherited) @executable_path/Frameworks @loader_path/Frameworks";
				PRODUCT_BUNDLE_IDENTIFIER = com.litech.abUITests;
				PRODUCT_NAME = "$(TARGET_NAME)";
				TEST_TARGET_NAME = ab;
				USES_XCTRUNNER = YES;
			};
			name = Debug;
		};
		78D302ED1D03E4DE0010B8FD /* Release */ = {
			isa = XCBuildConfiguration;
			buildSettings = {
				INFOPLIST_FILE = abUITests/Info.plist;
				LD_RUNPATH_SEARCH_PATHS = "$(inherited) @executable_path/Frameworks @loader_path/Frameworks";
				PRODUCT_BUNDLE_IDENTIFIER = com.litech.abUITests;
				PRODUCT_NAME = "$(TARGET_NAME)";
				TEST_TARGET_NAME = ab;
				USES_XCTRUNNER = YES;
			};
			name = Release;
		};
/* End XCBuildConfiguration section */

/* Begin XCConfigurationList section */
		78D302B81D03E4DE0010B8FD /* Build configuration list for PBXProject "ab" */ = {
			isa = XCConfigurationList;
			buildConfigurations = (
				78D302E31D03E4DE0010B8FD /* Debug */,
				78D302E41D03E4DE0010B8FD /* Release */,
			);
			defaultConfigurationIsVisible = 0;
			defaultConfigurationName = Release;
		};
		78D302E51D03E4DE0010B8FD /* Build configuration list for PBXNativeTarget "ab" */ = {
			isa = XCConfigurationList;
			buildConfigurations = (
				78D302E61D03E4DE0010B8FD /* Debug */,
				78D302E71D03E4DE0010B8FD /* Release */,
			);
			defaultConfigurationIsVisible = 0;
			defaultConfigurationName = Release;
		};
		78D302E81D03E4DE0010B8FD /* Build configuration list for PBXNativeTarget "abTests" */ = {
			isa = XCConfigurationList;
			buildConfigurations = (
				78D302E91D03E4DE0010B8FD /* Debug */,
				78D302EA1D03E4DE0010B8FD /* Release */,
			);
			defaultConfigurationIsVisible = 0;
			defaultConfigurationName = Release;
		};
		78D302EB1D03E4DE0010B8FD /* Build configuration list for PBXNativeTarget "abUITests" */ = {
			isa = XCConfigurationList;
			buildConfigurations = (
				78D302EC1D03E4DE0010B8FD /* Debug */,
				78D302ED1D03E4DE0010B8FD /* Release */,
			);
			defaultConfigurationIsVisible = 0;
			defaultConfigurationName = Release;
		};
/* End XCConfigurationList section */
	};
	rootObject = 78D302B51D03E4DE0010B8FD /* Project object */;
}
